
Microsoft Visual Studio Solution File, Format Version 12.00
# Visual Studio Version 16
VisualStudioVersion = 16.0.34301.259
MinimumVisualStudioVersion = 10.0.40219.1
Project("{FAE04EC0-301F-11D3-BF4B-00C04F79EFBC}") = "CureHandCometaWavePlus", "CureHandCometaWavePlus.csproj", "{6143D038-73CF-45EF-995D-2BB42621BDF0}"
EndProject
Global
	GlobalSection(SolutionConfigurationPlatforms) = preSolution
		Debug|Any CPU = Debug|Any CPU
		Release|Any CPU = Release|Any CPU
	EndGlobalSection
	GlobalSection(ProjectConfigurationPlatforms) = postSolution
		{6143D038-73CF-45EF-995D-2BB42621BDF0}.Debug|Any CPU.ActiveCfg = Debug|Any CPU
		{6143D038-73CF-45EF-995D-2BB42621BDF0}.Debug|Any CPU.Build.0 = Debug|Any CPU
		{6143D038-73CF-45EF-995D-2BB42621BDF0}.Release|Any CPU.ActiveCfg = Release|Any CPU
		{6143D038-73CF-45EF-995D-2BB42621BDF0}.Release|Any CPU.Build.0 = Release|Any CPU
	EndGlobalSection
	GlobalSection(SolutionProperties) = preSolution
		HideSolutionNode = FALSE
	EndGlobalSection
	GlobalSection(ExtensibilityGlobals) = postSolution
		SolutionGuid = {49A86CE3-D473-42B9-90DE-9193F90A5FC1}
	EndGlobalSection
EndGlobal
